
Microsoft Visual Studio Solution File, Format Version 12.00
# Visual Studio 2012
Project("{FAE04EC0-301F-11D3-BF4B-00C04F79EFBC}") = "SimpleCrawler", "SimpleCrawler\SimpleCrawler.csproj", "{A49E76ED-054E-4123-B033-6646A77E888B}"
EndProject
Global
	GlobalSection(SolutionConfigurationPlatforms) = preSolution
		Debug|Any CPU = Debug|Any CPU
		Release|Any CPU = Release|Any CPU
	EndGlobalSection
	GlobalSection(ProjectConfigurationPlatforms) = postSolution
		{A49E76ED-054E-4123-B033-6646A77E888B}.Debug|Any CPU.ActiveCfg = Debug|Any CPU
		{A49E76ED-054E-4123-B033-6646A77E888B}.Debug|Any CPU.Build.0 = Debug|Any CPU
		{A49E76ED-054E-4123-B033-6646A77E888B}.Release|Any CPU.ActiveCfg = Release|Any CPU
		{A49E76ED-054E-4123-B033-6646A77E888B}.Release|Any CPU.Build.0 = Release|Any CPU
	EndGlobalSection
	GlobalSection(SolutionProperties) = preSolution
		HideSolutionNode = FALSE
	EndGlobalSection
EndGlobal
